preprocess:
  cmd: python preprocessing.py
  deps:
  - path: data/
    md5: d202db243a5e470c31a54ab664bc3074.dir
    size: 571
    nfiles: 1
  - path: preprocessing.py
    md5: dbcc3330c2c9f635486cb48cafb66a3d
    size: 914
  outs:
  - path: features/
    md5: 23f734234bea2253a908a1b270b86ae0.dir
    size: 2371
    nfiles: 1
training:
  cmd: python training.py
  deps:
  - path: features/
    md5: 23f734234bea2253a908a1b270b86ae0.dir
    size: 2371
    nfiles: 1
  - path: training.py
    md5: 1f9a1707196d9982bb61ee8369b98360
    size: 1465
  params:
    params.yaml:
      model.epochs: 5
  outs:
  - path: model/
    md5: d6b2b8eca5c3d1479704346a021ec27a.dir
    size: 13665120
    nfiles: 16
evaluate:
  cmd: python evaluate.py
  deps:
  - path: evaluate.py
    md5: a0bde93d05a7181e788200a823af7b76
    size: 1082
  - path: model/
    md5: d6b2b8eca5c3d1479704346a021ec27a.dir
    size: 13665120
    nfiles: 16
  outs:
  - path: scores.json
    md5: 25cd092b22d9633b02c24aa56db86701
    size: 45
